
Microsoft Visual Studio Solution File, Format Version 12.00
# Visual Studio 15
VisualStudioVersion = 15.0.28307.136
MinimumVisualStudioVersion = 10.0.40219.1
Project("{FAE04EC0-301F-11D3-BF4B-00C04F79EFBC}") = "Vidly-RESTful-API", "Vidly-RESTful-API\Vidly-RESTful-API.csproj", "{548C5400-4139-456F-9E05-B7043FF0D054}"
EndProject
Global
	GlobalSection(SolutionConfigurationPlatforms) = preSolution
		Debug|Any CPU = Debug|Any CPU
		Release|Any CPU = Release|Any CPU
	EndGlobalSection
	GlobalSection(ProjectConfigurationPlatforms) = postSolution
		{548C5400-4139-456F-9E05-B7043FF0D054}.Debug|Any CPU.ActiveCfg = Debug|Any CPU
		{548C5400-4139-456F-9E05-B7043FF0D054}.Debug|Any CPU.Build.0 = Debug|Any CPU
		{548C5400-4139-456F-9E05-B7043FF0D054}.Release|Any CPU.ActiveCfg = Release|Any CPU
		{548C5400-4139-456F-9E05-B7043FF0D054}.Release|Any CPU.Build.0 = Release|Any CPU
	EndGlobalSection
	GlobalSection(SolutionProperties) = preSolution
		HideSolutionNode = FALSE
	EndGlobalSection
	GlobalSection(ExtensibilityGlobals) = postSolution
		SolutionGuid = {3702C0AD-2420-42CB-B021-6FC0F0A42DAE}
	EndGlobalSection
EndGlobal
